
Microsoft Visual Studio Solution File, Format Version 12.00
Project("{FAE04EC0-301F-11D3-BF4B-00C04F79EFBC}") = "CollisiumApp", "CollisiumApp\CollisiumApp.csproj", "{1E2064CA-30D2-4BD6-918C-CAE3F2363F61}"
EndProject
Project("{FAE04EC0-301F-11D3-BF4B-00C04F79EFBC}") = "CollisiumStrategies", "CollisiumStrategies\CollisiumStrategies.csproj", "{F0666B04-3447-4148-A9DD-0FF0A8BEB301}"
EndProject
Global
	GlobalSection(SolutionConfigurationPlatforms) = preSolution
		Debug|Any CPU = Debug|Any CPU
		Release|Any CPU = Release|Any CPU
	EndGlobalSection
	GlobalSection(ProjectConfigurationPlatforms) = postSolution
		{1E2064CA-30D2-4BD6-918C-CAE3F2363F61}.Debug|Any CPU.ActiveCfg = Debug|Any CPU
		{1E2064CA-30D2-4BD6-918C-CAE3F2363F61}.Debug|Any CPU.Build.0 = Debug|Any CPU
		{1E2064CA-30D2-4BD6-918C-CAE3F2363F61}.Release|Any CPU.ActiveCfg = Release|Any CPU
		{1E2064CA-30D2-4BD6-918C-CAE3F2363F61}.Release|Any CPU.Build.0 = Release|Any CPU
		{F0666B04-3447-4148-A9DD-0FF0A8BEB301}.Debug|Any CPU.ActiveCfg = Debug|Any CPU
		{F0666B04-3447-4148-A9DD-0FF0A8BEB301}.Debug|Any CPU.Build.0 = Debug|Any CPU
		{F0666B04-3447-4148-A9DD-0FF0A8BEB301}.Release|Any CPU.ActiveCfg = Release|Any CPU
		{F0666B04-3447-4148-A9DD-0FF0A8BEB301}.Release|Any CPU.Build.0 = Release|Any CPU
	EndGlobalSection
EndGlobal
