
Microsoft Visual Studio Solution File, Format Version 12.00
Project("{FAE04EC0-301F-11D3-BF4B-00C04F79EFBC}") = "CollisiumApp", "CollisiumApp\CollisiumApp.csproj", "{1E2064CA-30D2-4BD6-918C-CAE3F2363F61}"
	ProjectSection(ProjectDependencies) = postProject
		{81D8F399-DDDA-4669-B32D-94179C16372C} = {81D8F399-DDDA-4669-B32D-94179C16372C}
	EndProjectSection
EndProject
Project("{FAE04EC0-301F-11D3-BF4B-00C04F79EFBC}") = "Tests", "Tests\Tests.csproj", "{27636FAB-F54E-44F7-BC2B-3B62FB0FF1D3}"
EndProject
Project("{FAE04EC0-301F-11D3-BF4B-00C04F79EFBC}") = "Core", "Core\Core.csproj", "{81D8F399-DDDA-4669-B32D-94179C16372C}"
EndProject
Project("{FAE04EC0-301F-11D3-BF4B-00C04F79EFBC}") = "DataAccess", "DataAccess\DataAccess.csproj", "{CEFDBC8A-7FCB-4F03-B2EE-8618C1CC22EB}"
EndProject
Global
	GlobalSection(SolutionConfigurationPlatforms) = preSolution
		Debug|Any CPU = Debug|Any CPU
		Release|Any CPU = Release|Any CPU
	EndGlobalSection
	GlobalSection(ProjectConfigurationPlatforms) = postSolution
		{1E2064CA-30D2-4BD6-918C-CAE3F2363F61}.Debug|Any CPU.ActiveCfg = Debug|Any CPU
		{1E2064CA-30D2-4BD6-918C-CAE3F2363F61}.Debug|Any CPU.Build.0 = Debug|Any CPU
		{1E2064CA-30D2-4BD6-918C-CAE3F2363F61}.Release|Any CPU.ActiveCfg = Release|Any CPU
		{1E2064CA-30D2-4BD6-918C-CAE3F2363F61}.Release|Any CPU.Build.0 = Release|Any CPU
		{27636FAB-F54E-44F7-BC2B-3B62FB0FF1D3}.Debug|Any CPU.ActiveCfg = Debug|Any CPU
		{27636FAB-F54E-44F7-BC2B-3B62FB0FF1D3}.Debug|Any CPU.Build.0 = Debug|Any CPU
		{27636FAB-F54E-44F7-BC2B-3B62FB0FF1D3}.Release|Any CPU.ActiveCfg = Release|Any CPU
		{27636FAB-F54E-44F7-BC2B-3B62FB0FF1D3}.Release|Any CPU.Build.0 = Release|Any CPU
		{81D8F399-DDDA-4669-B32D-94179C16372C}.Debug|Any CPU.ActiveCfg = Debug|Any CPU
		{81D8F399-DDDA-4669-B32D-94179C16372C}.Debug|Any CPU.Build.0 = Debug|Any CPU
		{81D8F399-DDDA-4669-B32D-94179C16372C}.Release|Any CPU.ActiveCfg = Release|Any CPU
		{81D8F399-DDDA-4669-B32D-94179C16372C}.Release|Any CPU.Build.0 = Release|Any CPU
		{CEFDBC8A-7FCB-4F03-B2EE-8618C1CC22EB}.Debug|Any CPU.ActiveCfg = Debug|Any CPU
		{CEFDBC8A-7FCB-4F03-B2EE-8618C1CC22EB}.Debug|Any CPU.Build.0 = Debug|Any CPU
		{CEFDBC8A-7FCB-4F03-B2EE-8618C1CC22EB}.Release|Any CPU.ActiveCfg = Release|Any CPU
		{CEFDBC8A-7FCB-4F03-B2EE-8618C1CC22EB}.Release|Any CPU.Build.0 = Release|Any CPU
	EndGlobalSection
EndGlobal
